
Microsoft Visual Studio Solution File, Format Version 12.00
# Visual Studio 14
VisualStudioVersion = 14.0.25420.1
MinimumVisualStudioVersion = 10.0.40219.1
Project("{FAE04EC0-301F-11D3-BF4B-00C04F79EFBC}") = "ForgetAboutIt", "ForgetAboutIt\ForgetAboutIt.csproj", "{1CF5CF79-0CA7-48D9-9189-9FA5B23AD6EE}"
EndProject
Project("{FAE04EC0-301F-11D3-BF4B-00C04F79EFBC}") = "ConsoleVerification", "ConsoleVerification\ConsoleVerification.csproj", "{7901FFD8-D913-4F91-95FB-64B9B92C1CDB}"
EndProject
Global
	GlobalSection(SolutionConfigurationPlatforms) = preSolution
		Debug|Any CPU = Debug|Any CPU
		Release|Any CPU = Release|Any CPU
	EndGlobalSection
	GlobalSection(ProjectConfigurationPlatforms) = postSolution
		{1CF5CF79-0CA7-48D9-9189-9FA5B23AD6EE}.Debug|Any CPU.ActiveCfg = Debug|Any CPU
		{1CF5CF79-0CA7-48D9-9189-9FA5B23AD6EE}.Debug|Any CPU.Build.0 = Debug|Any CPU
		{1CF5CF79-0CA7-48D9-9189-9FA5B23AD6EE}.Release|Any CPU.ActiveCfg = Release|Any CPU
		{1CF5CF79-0CA7-48D9-9189-9FA5B23AD6EE}.Release|Any CPU.Build.0 = Release|Any CPU
		{7901FFD8-D913-4F91-95FB-64B9B92C1CDB}.Debug|Any CPU.ActiveCfg = Debug|Any CPU
		{7901FFD8-D913-4F91-95FB-64B9B92C1CDB}.Debug|Any CPU.Build.0 = Debug|Any CPU
		{7901FFD8-D913-4F91-95FB-64B9B92C1CDB}.Release|Any CPU.ActiveCfg = Release|Any CPU
		{7901FFD8-D913-4F91-95FB-64B9B92C1CDB}.Release|Any CPU.Build.0 = Release|Any CPU
	EndGlobalSection
	GlobalSection(SolutionProperties) = preSolution
		HideSolutionNode = FALSE
	EndGlobalSection
EndGlobal
